
Microsoft Visual Studio Solution File, Format Version 12.00
# Visual Studio 2013
Project("{FAE04EC0-301F-11D3-BF4B-00C04F79EFBC}") = "UnityVS.ProgrammingGameAIByExample.CSharp", "UnityVS.ProgrammingGameAIByExample.CSharp.csproj", "{6BE8CF8A-1B29-E0A7-6F80-7EE1A8BA4D96}"
EndProject
Project("{FAE04EC0-301F-11D3-BF4B-00C04F79EFBC}") = "UnityVS.ProgrammingGameAIByExample.CSharp.Editor", "UnityVS.ProgrammingGameAIByExample.CSharp.Editor.csproj", "{55590174-C175-33D6-CE46-D7046C6100D1}"
EndProject
Global
	GlobalSection(SolutionConfigurationPlatforms) = preSolution
		Debug|Any CPU = Debug|Any CPU
		Release|Any CPU = Release|Any CPU
	EndGlobalSection
	GlobalSection(ProjectConfigurationPlatforms) = postSolution
		{6BE8CF8A-1B29-E0A7-6F80-7EE1A8BA4D96}.Debug|Any CPU.ActiveCfg = Debug|Any CPU
		{6BE8CF8A-1B29-E0A7-6F80-7EE1A8BA4D96}.Debug|Any CPU.Build.0 = Debug|Any CPU
		{6BE8CF8A-1B29-E0A7-6F80-7EE1A8BA4D96}.Release|Any CPU.ActiveCfg = Release|Any CPU
		{6BE8CF8A-1B29-E0A7-6F80-7EE1A8BA4D96}.Release|Any CPU.Build.0 = Release|Any CPU
		{55590174-C175-33D6-CE46-D7046C6100D1}.Debug|Any CPU.ActiveCfg = Debug|Any CPU
		{55590174-C175-33D6-CE46-D7046C6100D1}.Debug|Any CPU.Build.0 = Debug|Any CPU
		{55590174-C175-33D6-CE46-D7046C6100D1}.Release|Any CPU.ActiveCfg = Release|Any CPU
		{55590174-C175-33D6-CE46-D7046C6100D1}.Release|Any CPU.Build.0 = Release|Any CPU
	EndGlobalSection
	GlobalSection(SolutionProperties) = preSolution
		HideSolutionNode = FALSE
	EndGlobalSection
EndGlobal
